// !$*UTF8*$!
{
	archiveVersion = 1;
	classes = {
	};
	objectVersion = 55;
	objects = {

/* Begin PBXBuildFile section */
		3673B41D27F2275C002E74ED /* VdeoView.swift in Sources */ = {isa = PBXBuildFile; fileRef = 3673B41C27F2275C002E74ED /* VdeoView.swift */; };
		36C9B33327EDFB53002DAD33 /* secondpgView.swift in Sources */ = {isa = PBXBuildFile; fileRef = 36C9B33227EDFB53002DAD33 /* secondpgView.swift */; };
		36C9B33527EE3F69002DAD33 /* TimelinepgView.swift in Sources */ = {isa = PBXBuildFile; fileRef = 36C9B33427EE3F69002DAD33 /* TimelinepgView.swift */; };
		36D1C9C427F4500B003BD2E0 /* StringpgView.swift in Sources */ = {isa = PBXBuildFile; fileRef = 36D1C9C327F4500B003BD2E0 /* StringpgView.swift */; };
		36D1C9C627F452CD003BD2E0 /* DimensionpgView.swift in Sources */ = {isa = PBXBuildFile; fileRef = 36D1C9C527F452CD003BD2E0 /* DimensionpgView.swift */; };
		36D1C9C827F453F6003BD2E0 /* PsychologypgView.swift in Sources */ = {isa = PBXBuildFile; fileRef = 36D1C9C727F453F6003BD2E0 /* PsychologypgView.swift */; };
		36F6B2A427ECB6950038F31D /* ScienceNlogicApp.swift in Sources */ = {isa = PBXBuildFile; fileRef = 36F6B2A327ECB6950038F31D /* ScienceNlogicApp.swift */; };
		36F6B2A627ECB6950038F31D /* ContentView.swift in Sources */ = {isa = PBXBuildFile; fileRef = 36F6B2A527ECB6950038F31D /* ContentView.swift */; };
		36F6B2A827ECB69C0038F31D /* Assets.xcassets in Resources */ = {isa = PBXBuildFile; fileRef = 36F6B2A727ECB69C0038F31D /* Assets.xcassets */; };
		36F6B2AB27ECB69C0038F31D /* Preview Assets.xcassets in Resources */ = {isa = PBXBuildFile; fileRef = 36F6B2AA27ECB69C0038F31D /* Preview Assets.xcassets */; };
/* End PBXBuildFile section */

/* Begin PBXFileReference section */
		3673B41C27F2275C002E74ED /* VdeoView.swift */ = {isa = PBXFileReference; lastKnownFileType = sourcecode.swift; path = VdeoView.swift; sourceTree = "<group>"; };
		36C9B33227EDFB53002DAD33 /* secondpgView.swift */ = {isa = PBXFileReference; lastKnownFileType = sourcecode.swift; path = secondpgView.swift; sourceTree = "<group>"; };
		36C9B33427EE3F69002DAD33 /* TimelinepgView.swift */ = {isa = PBXFileReference; lastKnownFileType = sourcecode.swift; path = TimelinepgView.swift; sourceTree = "<group>"; };
		36D1C9C327F4500B003BD2E0 /* StringpgView.swift */ = {isa = PBXFileReference; lastKnownFileType = sourcecode.swift; path = StringpgView.swift; sourceTree = "<group>"; };
		36D1C9C527F452CD003BD2E0 /* DimensionpgView.swift */ = {isa = PBXFileReference; lastKnownFileType = sourcecode.swift; path = DimensionpgView.swift; sourceTree = "<group>"; };
		36D1C9C727F453F6003BD2E0 /* PsychologypgView.swift */ = {isa = PBXFileReference; lastKnownFileType = sourcecode.swift; path = PsychologypgView.swift; sourceTree = "<group>"; };
		36F6B2A027ECB6950038F31D /* ScienceNlogic.app */ = {isa = PBXFileReference; explicitFileType = wrapper.application; includeInIndex = 0; path = ScienceNlogic.app; sourceTree = BUILT_PRODUCTS_DIR; };
		36F6B2A327ECB6950038F31D /* ScienceNlogicApp.swift */ = {isa = PBXFileReference; lastKnownFileType = sourcecode.swift; path = ScienceNlogicApp.swift; sourceTree = "<group>"; };
		36F6B2A527ECB6950038F31D /* ContentView.swift */ = {isa = PBXFileReference; lastKnownFileType = sourcecode.swift; path = ContentView.swift; sourceTree = "<group>"; };
		36F6B2A727ECB69C0038F31D /* Assets.xcassets */ = {isa = PBXFileReference; lastKnownFileType = folder.assetcatalog; path = Assets.xcassets; sourceTree = "<group>"; };
		36F6B2AA27ECB69C0038F31D /* Preview Assets.xcassets */ = {isa = PBXFileReference; lastKnownFileType = folder.assetcatalog; path = "Preview Assets.xcassets"; sourceTree = "<group>"; };
/* End PBXFileReference section */

/* Begin PBXFrameworksBuildPhase section */
		36F6B29D27ECB6950038F31D /* Frameworks */ = {
			isa = PBXFrameworksBuildPhase;
			buildActionMask = 2147483647;
			files = (
			);
			runOnlyForDeploymentPostprocessing = 0;
		};
/* End PBXFrameworksBuildPhase section */

/* Begin PBXGroup section */
		36F6B29727ECB6940038F31D = {
			isa = PBXGroup;
			children = (
				36F6B2A227ECB6950038F31D /* ScienceNlogic */,
				36F6B2A127ECB6950038F31D /* Products */,
			);
			sourceTree = "<group>";
		};
		36F6B2A127ECB6950038F31D /* Products */ = {
			isa = PBXGroup;
			children = (
				36F6B2A027ECB6950038F31D /* ScienceNlogic.app */,
			);
			name = Products;
			sourceTree = "<group>";
		};
		36F6B2A227ECB6950038F31D /* ScienceNlogic */ = {
			isa = PBXGroup;
			children = (
				36F6B2A327ECB6950038F31D /* ScienceNlogicApp.swift */,
				36F6B2A527ECB6950038F31D /* ContentView.swift */,
				36C9B33227EDFB53002DAD33 /* secondpgView.swift */,
				36C9B33427EE3F69002DAD33 /* TimelinepgView.swift */,
				36D1C9C327F4500B003BD2E0 /* StringpgView.swift */,
				36D1C9C527F452CD003BD2E0 /* DimensionpgView.swift */,
				36D1C9C727F453F6003BD2E0 /* PsychologypgView.swift */,
				36F6B2A727ECB69C0038F31D /* Assets.xcassets */,
				36F6B2A927ECB69C0038F31D /* Preview Content */,
				3673B41C27F2275C002E74ED /* VdeoView.swift */,
			);
			path = ScienceNlogic;
			sourceTree = "<group>";
		};
		36F6B2A927ECB69C0038F31D /* Preview Content */ = {
			isa = PBXGroup;
			children = (
				36F6B2AA27ECB69C0038F31D /* Preview Assets.xcassets */,
			);
			path = "Preview Content";
			sourceTree = "<group>";
		};
/* End PBXGroup section */

/* Begin PBXNativeTarget section */
		36F6B29F27ECB6950038F31D /* ScienceNlogic */ = {
			isa = PBXNativeTarget;
			buildConfigurationList = 36F6B2AE27ECB69C0038F31D /* Build configuration list for PBXNativeTarget "ScienceNlogic" */;
			buildPhases = (
				36F6B29C27ECB6950038F31D /* Sources */,
				36F6B29D27ECB6950038F31D /* Frameworks */,
				36F6B29E27ECB6950038F31D /* Resources */,
			);
			buildRules = (
			);
			dependencies = (
			);
			name = ScienceNlogic;
			productName = ScienceNlogic;
			productReference = 36F6B2A027ECB6950038F31D /* ScienceNlogic.app */;
			productType = "com.apple.product-type.application";
		};
/* End PBXNativeTarget section */

/* Begin PBXProject section */
		36F6B29827ECB6940038F31D /* Project object */ = {
			isa = PBXProject;
			attributes = {
				BuildIndependentTargetsInParallel = 1;
				LastSwiftUpdateCheck = 1330;
				LastUpgradeCheck = 1330;
				TargetAttributes = {
					36F6B29F27ECB6950038F31D = {
						CreatedOnToolsVersion = 13.3;
					};
				};
			};
			buildConfigurationList = 36F6B29B27ECB6950038F31D /* Build configuration list for PBXProject "ScienceNlogic" */;
			compatibilityVersion = "Xcode 13.0";
			developmentRegion = en;
			hasScannedForEncodings = 0;
			knownRegions = (
				en,
				Base,
			);
			mainGroup = 36F6B29727ECB6940038F31D;
			productRefGroup = 36F6B2A127ECB6950038F31D /* Products */;
			projectDirPath = "";
			projectRoot = "";
			targets = (
				36F6B29F27ECB6950038F31D /* ScienceNlogic */,
			);
		};
/* End PBXProject section */

/* Begin PBXResourcesBuildPhase section */
		36F6B29E27ECB6950038F31D /* Resources */ = {
			isa = PBXResourcesBuildPhase;
			buildActionMask = 2147483647;
			files = (
				36F6B2AB27ECB69C0038F31D /* Preview Assets.xcassets in Resources */,
				36F6B2A827ECB69C0038F31D /* Assets.xcassets in Resources */,
			);
			runOnlyForDeploymentPostprocessing = 0;
		};
/* End PBXResourcesBuildPhase section */

/* Begin PBXSourcesBuildPhase section */
		36F6B29C27ECB6950038F31D /* Sources */ = {
			isa = PBXSourcesBuildPhase;
			buildActionMask = 2147483647;
			files = (
				36C9B33527EE3F69002DAD33 /* TimelinepgView.swift in Sources */,
				36D1C9C627F452CD003BD2E0 /* DimensionpgView.swift in Sources */,
				36F6B2A627ECB6950038F31D /* ContentView.swift in Sources */,
				36C9B33327EDFB53002DAD33 /* secondpgView.swift in Sources */,
				36D1C9C827F453F6003BD2E0 /* PsychologypgView.swift in Sources */,
				36F6B2A427ECB6950038F31D /* ScienceNlogicApp.swift in Sources */,
				36D1C9C427F4500B003BD2E0 /* StringpgView.swift in Sources */,
				3673B41D27F2275C002E74ED /* VdeoView.swift in Sources */,
			);
			runOnlyForDeploymentPostprocessing = 0;
		};
/* End PBXSourcesBuildPhase section */

/* Begin XCBuildConfiguration section */
		36F6B2AC27ECB69C0038F31D /* Debug */ = {
			isa = XCBuildConfiguration;
			buildSettings = {
				ALWAYS_SEARCH_USER_PATHS = NO;
				CLANG_ANALYZER_NONNULL = YES;
				CLANG_ANALYZER_NUMBER_OBJECT_CONVERSION = YES_AGGRESSIVE;
				CLANG_CXX_LANGUAGE_STANDARD = "gnu++17";
				CLANG_ENABLE_MODULES = YES;
				CLANG_ENABLE_OBJC_ARC = YES;
				CLANG_ENABLE_OBJC_WEAK = YES;
				CLANG_WARN_BLOCK_CAPTURE_AUTORELEASING = YES;
				CLANG_WARN_BOOL_CONVERSION = YES;
				CLANG_WARN_COMMA = YES;
				CLANG_WARN_CONSTANT_CONVERSION = YES;
				CLANG_WARN_DEPRECATED_OBJC_IMPLEMENTATIONS = YES;
				CLANG_WARN_DIRECT_OBJC_ISA_USAGE = YES_ERROR;
				CLANG_WARN_DOCUMENTATION_COMMENTS = YES;
				CLANG_WARN_EMPTY_BODY = YES;
				CLANG_WARN_ENUM_CONVERSION = YES;
				CLANG_WARN_INFINITE_RECURSION = YES;
				CLANG_WARN_INT_CONVERSION = YES;
				CLANG_WARN_NON_LITERAL_NULL_CONVERSION = YES;
				CLANG_WARN_OBJC_IMPLICIT_RETAIN_SELF = YES;
				CLANG_WARN_OBJC_LITERAL_CONVERSION = YES;
				CLANG_WARN_OBJC_ROOT_CLASS = YES_ERROR;
				CLANG_WARN_QUOTED_INCLUDE_IN_FRAMEWORK_HEADER = YES;
				CLANG_WARN_RANGE_LOOP_ANALYSIS = YES;
				CLANG_WARN_STRICT_PROTOTYPES = YES;
				CLANG_WARN_SUSPICIOUS_MOVE = YES;
				CLANG_WARN_UNGUARDED_AVAILABILITY = YES_AGGRESSIVE;
				CLANG_WARN_UNREACHABLE_CODE = YES;
				CLANG_WARN__DUPLICATE_METHOD_MATCH = YES;
				COPY_PHASE_STRIP = NO;
				DEBUG_INFORMATION_FORMAT = dwarf;
				ENABLE_STRICT_OBJC_MSGSEND = YES;
				ENABLE_TESTABILITY = YES;
				GCC_C_LANGUAGE_STANDARD = gnu11;
				GCC_DYNAMIC_NO_PIC = NO;
				GCC_NO_COMMON_BLOCKS = YES;
				GCC_OPTIMIZATION_LEVEL = 0;
				GCC_PREPROCESSOR_DEFINITIONS = (
					"DEBUG=1",
					"$(inherited)",
				);
				GCC_WARN_64_TO_32_BIT_CONVERSION = YES;
				GCC_WARN_ABOUT_RETURN_TYPE = YES_ERROR;
				GCC_WARN_UNDECLARED_SELECTOR = YES;
				GCC_WARN_UNINITIALIZED_AUTOS = YES_AGGRESSIVE;
				GCC_WARN_UNUSED_FUNCTION = YES;
				GCC_WARN_UNUSED_VARIABLE = YES;
				IPHONEOS_DEPLOYMENT_TARGET = 15.4;
				MTL_ENABLE_DEBUG_INFO = INCLUDE_SOURCE;
				MTL_FAST_MATH = YES;
				ONLY_ACTIVE_ARCH = YES;
				SDKROOT = iphoneos;
				SWIFT_ACTIVE_COMPILATION_CONDITIONS = DEBUG;
				SWIFT_OPTIMIZATION_LEVEL = "-Onone";
			};
			name = Debug;
		};
		36F6B2AD27ECB69C0038F31D /* Release */ = {
			isa = XCBuildConfiguration;
			buildSettings = {
				ALWAYS_SEARCH_USER_PATHS = NO;
				CLANG_ANALYZER_NONNULL = YES;
				CLANG_ANALYZER_NUMBER_OBJECT_CONVERSION = YES_AGGRESSIVE;
				CLANG_CXX_LANGUAGE_STANDARD = "gnu++17";
				CLANG_ENABLE_MODULES = YES;
				CLANG_ENABLE_OBJC_ARC = YES;
				CLANG_ENABLE_OBJC_WEAK = YES;
				CLANG_WARN_BLOCK_CAPTURE_AUTORELEASING = YES;
				CLANG_WARN_BOOL_CONVERSION = YES;
				CLANG_WARN_COMMA = YES;
				CLANG_WARN_CONSTANT_CONVERSION = YES;
				CLANG_WARN_DEPRECATED_OBJC_IMPLEMENTATIONS = YES;
				CLANG_WARN_DIRECT_OBJC_ISA_USAGE = YES_ERROR;
				CLANG_WARN_DOCUMENTATION_COMMENTS = YES;
				CLANG_WARN_EMPTY_BODY = YES;
				CLANG_WARN_ENUM_CONVERSION = YES;
				CLANG_WARN_INFINITE_RECURSION = YES;
				CLANG_WARN_INT_CONVERSION = YES;
				CLANG_WARN_NON_LITERAL_NULL_CONVERSION = YES;
				CLANG_WARN_OBJC_IMPLICIT_RETAIN_SELF = YES;
				CLANG_WARN_OBJC_LITERAL_CONVERSION = YES;
				CLANG_WARN_OBJC_ROOT_CLASS = YES_ERROR;
				CLANG_WARN_QUOTED_INCLUDE_IN_FRAMEWORK_HEADER = YES;
				CLANG_WARN_RANGE_LOOP_ANALYSIS = YES;
				CLANG_WARN_STRICT_PROTOTYPES = YES;
				CLANG_WARN_SUSPICIOUS_MOVE = YES;
				CLANG_WARN_UNGUARDED_AVAILABILITY = YES_AGGRESSIVE;
				CLANG_WARN_UNREACHABLE_CODE = YES;
				CLANG_WARN__DUPLICATE_METHOD_MATCH = YES;
				COPY_PHASE_STRIP = NO;
				DEBUG_INFORMATION_FORMAT = "dwarf-with-dsym";
				ENABLE_NS_ASSERTIONS = NO;
				ENABLE_STRICT_OBJC_MSGSEND = YES;
				GCC_C_LANGUAGE_STANDARD = gnu11;
				GCC_NO_COMMON_BLOCKS = YES;
				GCC_WARN_64_TO_32_BIT_CONVERSION = YES;
				GCC_WARN_ABOUT_RETURN_TYPE = YES_ERROR;
				GCC_WARN_UNDECLARED_SELECTOR = YES;
				GCC_WARN_UNINITIALIZED_AUTOS = YES_AGGRESSIVE;
				GCC_WARN_UNUSED_FUNCTION = YES;
				GCC_WARN_UNUSED_VARIABLE = YES;
				IPHONEOS_DEPLOYMENT_TARGET = 15.4;
				MTL_ENABLE_DEBUG_INFO = NO;
				MTL_FAST_MATH = YES;
				SDKROOT = iphoneos;
				SWIFT_COMPILATION_MODE = wholemodule;
				SWIFT_OPTIMIZATION_LEVEL = "-O";
				VALIDATE_PRODUCT = YES;
			};
			name = Release;
		};
		36F6B2AF27ECB69C0038F31D /* Debug */ = {
			isa = XCBuildConfiguration;
			buildSettings = {
				ASSETCATALOG_COMPILER_APPICON_NAME = AppIcon;
				ASSETCATALOG_COMPILER_GLOBAL_ACCENT_COLOR_NAME = AccentColor;
				CODE_SIGN_STYLE = Automatic;
				CURRENT_PROJECT_VERSION = 1;
				DEVELOPMENT_ASSET_PATHS = "\"ScienceNlogic/Preview Content\"";
				ENABLE_PREVIEWS = YES;
				GENERATE_INFOPLIST_FILE = YES;
				INFOPLIST_KEY_UIApplicationSceneManifest_Generation = YES;
				INFOPLIST_KEY_UIApplicationSupportsIndirectInputEvents = YES;
				INFOPLIST_KEY_UILaunchScreen_Generation = YES;
				INFOPLIST_KEY_UISupportedInterfaceOrientations_iPad = "UIInterfaceOrientationPortrait UIInterfaceOrientationPortraitUpsideDown UIInterfaceOrientationLandscapeLeft UIInterfaceOrientationLandscapeRight";
				INFOPLIST_KEY_UISupportedInterfaceOrientations_iPhone = "UIInterfaceOrientationPortrait UIInterfaceOrientationLandscapeLeft UIInterfaceOrientationLandscapeRight";
				LD_RUNPATH_SEARCH_PATHS = (
					"$(inherited)",
					"@executable_path/Frameworks",
				);
				MARKETING_VERSION = 1.0;
				PRODUCT_BUNDLE_IDENTIFIER = washi.ScienceNlogic;
				PRODUCT_NAME = "$(TARGET_NAME)";
				SWIFT_EMIT_LOC_STRINGS = YES;
				SWIFT_VERSION = 5.0;
				TARGETED_DEVICE_FAMILY = "1,2";
			};
			name = Debug;
		};
		36F6B2B027ECB69C0038F31D /* Release */ = {
			isa = XCBuildConfiguration;
			buildSettings = {
				ASSETCATALOG_COMPILER_APPICON_NAME = AppIcon;
				ASSETCATALOG_COMPILER_GLOBAL_ACCENT_COLOR_NAME = AccentColor;
				CODE_SIGN_STYLE = Automatic;
				CURRENT_PROJECT_VERSION = 1;
				DEVELOPMENT_ASSET_PATHS = "\"ScienceNlogic/Preview Content\"";
				ENABLE_PREVIEWS = YES;
				GENERATE_INFOPLIST_FILE = YES;
				INFOPLIST_KEY_UIApplicationSceneManifest_Generation = YES;
				INFOPLIST_KEY_UIApplicationSupportsIndirectInputEvents = YES;
				INFOPLIST_KEY_UILaunchScreen_Generation = YES;
				INFOPLIST_KEY_UISupportedInterfaceOrientations_iPad = "UIInterfaceOrientationPortrait UIInterfaceOrientationPortraitUpsideDown UIInterfaceOrientationLandscapeLeft UIInterfaceOrientationLandscapeRight";
				INFOPLIST_KEY_UISupportedInterfaceOrientations_iPhone = "UIInterfaceOrientationPortrait UIInterfaceOrientationLandscapeLeft UIInterfaceOrientationLandscapeRight";
				LD_RUNPATH_SEARCH_PATHS = (
					"$(inherited)",
					"@executable_path/Frameworks",
				);
				MARKETING_VERSION = 1.0;
				PRODUCT_BUNDLE_IDENTIFIER = washi.ScienceNlogic;
				PRODUCT_NAME = "$(TARGET_NAME)";
				SWIFT_EMIT_LOC_STRINGS = YES;
				SWIFT_VERSION = 5.0;
				TARGETED_DEVICE_FAMILY = "1,2";
			};
			name = Release;
		};
/* End XCBuildConfiguration section */

/* Begin XCConfigurationList section */
		36F6B29B27ECB6950038F31D /* Build configuration list for PBXProject "ScienceNlogic" */ = {
			isa = XCConfigurationList;
			buildConfigurations = (
				36F6B2AC27ECB69C0038F31D /* Debug */,
				36F6B2AD27ECB69C0038F31D /* Release */,
			);
			defaultConfigurationIsVisible = 0;
			defaultConfigurationName = Release;
		};
		36F6B2AE27ECB69C0038F31D /* Build configuration list for PBXNativeTarget "ScienceNlogic" */ = {
			isa = XCConfigurationList;
			buildConfigurations = (
				36F6B2AF27ECB69C0038F31D /* Debug */,
				36F6B2B027ECB69C0038F31D /* Release */,
			);
			defaultConfigurationIsVisible = 0;
			defaultConfigurationName = Release;
		};
/* End XCConfigurationList section */
	};
	rootObject = 36F6B29827ECB6940038F31D /* Project object */;
}
